
Microsoft Visual Studio Solution File, Format Version 11.00
# Visual Studio 2010
Project("{8BC9CEB8-8B4A-11D0-8D11-00A0C91BC942}") = "Factory", "Factory\Factory.vcxproj", "{B70B411C-EBEC-4F3C-8C2E-56997B4BA972}"
EndProject
Project("{8BC9CEB8-8B4A-11D0-8D11-00A0C91BC942}") = "AbstractFactory", "AbstractFactory\AbstractFactory.vcxproj", "{277C7E40-AC9C-465B-B2BC-077224891052}"
EndProject
Project("{8BC9CEB8-8B4A-11D0-8D11-00A0C91BC942}") = "Builder", "Builder\Builder.vcxproj", "{1CB2636D-F5EC-4092-A328-E624BA5B6AEC}"
EndProject
Project("{8BC9CEB8-8B4A-11D0-8D11-00A0C91BC942}") = "Prototype", "Prototype\Prototype.vcxproj", "{35F69392-6FB6-4645-B005-9DF3E6FA5767}"
EndProject
Project("{8BC9CEB8-8B4A-11D0-8D11-00A0C91BC942}") = "Singleton", "Singleton\Singleton.vcxproj", "{921EA215-AFCA-4B46-920E-E5E9B9E39D34}"
EndProject
Project("{8BC9CEB8-8B4A-11D0-8D11-00A0C91BC942}") = "Adapter", "Adapter\Adapter.vcxproj", "{09DE0F04-2E91-4383-B60D-5C381EB3524F}"
EndProject
Project("{8BC9CEB8-8B4A-11D0-8D11-00A0C91BC942}") = "Bridge", "Bridge\Bridge.vcxproj", "{34DD1F06-D024-4641-AA2B-48B9C9A45651}"
EndProject
Project("{8BC9CEB8-8B4A-11D0-8D11-00A0C91BC942}") = "Composite", "Composite\Composite.vcxproj", "{BB8B9F41-B65D-44BE-BE62-71195D4FD057}"
EndProject
Project("{8BC9CEB8-8B4A-11D0-8D11-00A0C91BC942}") = "Decorator", "Decorator\Decorator.vcxproj", "{85A3F1BE-939E-463B-83D8-8193645C412F}"
EndProject
Project("{8BC9CEB8-8B4A-11D0-8D11-00A0C91BC942}") = "Proxy", "Proxy\Proxy.vcxproj", "{863EE9C2-B20A-47B1-B2C6-18F9AD7DD9B2}"
EndProject
Project("{8BC9CEB8-8B4A-11D0-8D11-00A0C91BC942}") = "TemplateMethod", "TemplateMethod\TemplateMethod.vcxproj", "{DC22A6D4-8524-42AA-AA4C-6D18903E68C3}"
EndProject
Project("{8BC9CEB8-8B4A-11D0-8D11-00A0C91BC942}") = "ChainOfResponsibility", "ChainOfResponsibility\ChainOfResponsibility.vcxproj", "{A100E738-790B-4F59-8A06-EB5F07950FBE}"
EndProject
Project("{8BC9CEB8-8B4A-11D0-8D11-00A0C91BC942}") = "Flyweight", "Flyweight\Flyweight.vcxproj", "{6574F495-DC61-4E8B-86EC-3DEF8892FFA9}"
EndProject
Project("{8BC9CEB8-8B4A-11D0-8D11-00A0C91BC942}") = "Command", "Command\Command.vcxproj", "{3F2C1931-5B8A-42BC-86C9-86B1FE2B6D8B}"
EndProject
Global
	GlobalSection(SolutionConfigurationPlatforms) = preSolution
		Debug|Win32 = Debug|Win32
		Release|Win32 = Release|Win32
	EndGlobalSection
	GlobalSection(ProjectConfigurationPlatforms) = postSolution
		{B70B411C-EBEC-4F3C-8C2E-56997B4BA972}.Debug|Win32.ActiveCfg = Debug|Win32
		{B70B411C-EBEC-4F3C-8C2E-56997B4BA972}.Debug|Win32.Build.0 = Debug|Win32
		{B70B411C-EBEC-4F3C-8C2E-56997B4BA972}.Release|Win32.ActiveCfg = Release|Win32
		{B70B411C-EBEC-4F3C-8C2E-56997B4BA972}.Release|Win32.Build.0 = Release|Win32
		{277C7E40-AC9C-465B-B2BC-077224891052}.Debug|Win32.ActiveCfg = Debug|Win32
		{277C7E40-AC9C-465B-B2BC-077224891052}.Debug|Win32.Build.0 = Debug|Win32
		{277C7E40-AC9C-465B-B2BC-077224891052}.Release|Win32.ActiveCfg = Release|Win32
		{277C7E40-AC9C-465B-B2BC-077224891052}.Release|Win32.Build.0 = Release|Win32
		{1CB2636D-F5EC-4092-A328-E624BA5B6AEC}.Debug|Win32.ActiveCfg = Debug|Win32
		{1CB2636D-F5EC-4092-A328-E624BA5B6AEC}.Debug|Win32.Build.0 = Debug|Win32
		{1CB2636D-F5EC-4092-A328-E624BA5B6AEC}.Release|Win32.ActiveCfg = Release|Win32
		{1CB2636D-F5EC-4092-A328-E624BA5B6AEC}.Release|Win32.Build.0 = Release|Win32
		{35F69392-6FB6-4645-B005-9DF3E6FA5767}.Debug|Win32.ActiveCfg = Debug|Win32
		{35F69392-6FB6-4645-B005-9DF3E6FA5767}.Debug|Win32.Build.0 = Debug|Win32
		{35F69392-6FB6-4645-B005-9DF3E6FA5767}.Release|Win32.ActiveCfg = Release|Win32
		{35F69392-6FB6-4645-B005-9DF3E6FA5767}.Release|Win32.Build.0 = Release|Win32
		{921EA215-AFCA-4B46-920E-E5E9B9E39D34}.Debug|Win32.ActiveCfg = Debug|Win32
		{921EA215-AFCA-4B46-920E-E5E9B9E39D34}.Debug|Win32.Build.0 = Debug|Win32
		{921EA215-AFCA-4B46-920E-E5E9B9E39D34}.Release|Win32.ActiveCfg = Release|Win32
		{921EA215-AFCA-4B46-920E-E5E9B9E39D34}.Release|Win32.Build.0 = Release|Win32
		{09DE0F04-2E91-4383-B60D-5C381EB3524F}.Debug|Win32.ActiveCfg = Debug|Win32
		{09DE0F04-2E91-4383-B60D-5C381EB3524F}.Debug|Win32.Build.0 = Debug|Win32
		{09DE0F04-2E91-4383-B60D-5C381EB3524F}.Release|Win32.ActiveCfg = Release|Win32
		{09DE0F04-2E91-4383-B60D-5C381EB3524F}.Release|Win32.Build.0 = Release|Win32
		{34DD1F06-D024-4641-AA2B-48B9C9A45651}.Debug|Win32.ActiveCfg = Debug|Win32
		{34DD1F06-D024-4641-AA2B-48B9C9A45651}.Debug|Win32.Build.0 = Debug|Win32
		{34DD1F06-D024-4641-AA2B-48B9C9A45651}.Release|Win32.ActiveCfg = Release|Win32
		{34DD1F06-D024-4641-AA2B-48B9C9A45651}.Release|Win32.Build.0 = Release|Win32
		{BB8B9F41-B65D-44BE-BE62-71195D4FD057}.Debug|Win32.ActiveCfg = Debug|Win32
		{BB8B9F41-B65D-44BE-BE62-71195D4FD057}.Debug|Win32.Build.0 = Debug|Win32
		{BB8B9F41-B65D-44BE-BE62-71195D4FD057}.Release|Win32.ActiveCfg = Release|Win32
		{BB8B9F41-B65D-44BE-BE62-71195D4FD057}.Release|Win32.Build.0 = Release|Win32
		{85A3F1BE-939E-463B-83D8-8193645C412F}.Debug|Win32.ActiveCfg = Debug|Win32
		{85A3F1BE-939E-463B-83D8-8193645C412F}.Debug|Win32.Build.0 = Debug|Win32
		{85A3F1BE-939E-463B-83D8-8193645C412F}.Release|Win32.ActiveCfg = Release|Win32
		{85A3F1BE-939E-463B-83D8-8193645C412F}.Release|Win32.Build.0 = Release|Win32
		{863EE9C2-B20A-47B1-B2C6-18F9AD7DD9B2}.Debug|Win32.ActiveCfg = Debug|Win32
		{863EE9C2-B20A-47B1-B2C6-18F9AD7DD9B2}.Debug|Win32.Build.0 = Debug|Win32
		{863EE9C2-B20A-47B1-B2C6-18F9AD7DD9B2}.Release|Win32.ActiveCfg = Release|Win32
		{863EE9C2-B20A-47B1-B2C6-18F9AD7DD9B2}.Release|Win32.Build.0 = Release|Win32
		{DC22A6D4-8524-42AA-AA4C-6D18903E68C3}.Debug|Win32.ActiveCfg = Debug|Win32
		{DC22A6D4-8524-42AA-AA4C-6D18903E68C3}.Debug|Win32.Build.0 = Debug|Win32
		{DC22A6D4-8524-42AA-AA4C-6D18903E68C3}.Release|Win32.ActiveCfg = Release|Win32
		{DC22A6D4-8524-42AA-AA4C-6D18903E68C3}.Release|Win32.Build.0 = Release|Win32
		{A100E738-790B-4F59-8A06-EB5F07950FBE}.Debug|Win32.ActiveCfg = Debug|Win32
		{A100E738-790B-4F59-8A06-EB5F07950FBE}.Debug|Win32.Build.0 = Debug|Win32
		{A100E738-790B-4F59-8A06-EB5F07950FBE}.Release|Win32.ActiveCfg = Release|Win32
		{A100E738-790B-4F59-8A06-EB5F07950FBE}.Release|Win32.Build.0 = Release|Win32
		{6574F495-DC61-4E8B-86EC-3DEF8892FFA9}.Debug|Win32.ActiveCfg = Debug|Win32
		{6574F495-DC61-4E8B-86EC-3DEF8892FFA9}.Debug|Win32.Build.0 = Debug|Win32
		{6574F495-DC61-4E8B-86EC-3DEF8892FFA9}.Release|Win32.ActiveCfg = Release|Win32
		{6574F495-DC61-4E8B-86EC-3DEF8892FFA9}.Release|Win32.Build.0 = Release|Win32
		{3F2C1931-5B8A-42BC-86C9-86B1FE2B6D8B}.Debug|Win32.ActiveCfg = Debug|Win32
		{3F2C1931-5B8A-42BC-86C9-86B1FE2B6D8B}.Debug|Win32.Build.0 = Debug|Win32
		{3F2C1931-5B8A-42BC-86C9-86B1FE2B6D8B}.Release|Win32.ActiveCfg = Release|Win32
		{3F2C1931-5B8A-42BC-86C9-86B1FE2B6D8B}.Release|Win32.Build.0 = Release|Win32
	EndGlobalSection
	GlobalSection(SolutionProperties) = preSolution
		HideSolutionNode = FALSE
	EndGlobalSection
EndGlobal
